
Microsoft Visual Studio Solution File, Format Version 12.00
# Visual Studio 14
VisualStudioVersion = 14.0.25420.1
MinimumVisualStudioVersion = 10.0.40219.1
Project("{FAE04EC0-301F-11D3-BF4B-00C04F79EFBC}") = "ImgurService", "ImgurService\ImgurService.csproj", "{FFC4A4C6-1AA0-461D-8087-D1835555E558}"
EndProject
Project("{FAE04EC0-301F-11D3-BF4B-00C04F79EFBC}") = "ImgurClient", "ImgurClient\ImgurClient.csproj", "{3836BAE1-4937-48B7-93EB-25D0C78896D5}"
EndProject
Project("{FAE04EC0-301F-11D3-BF4B-00C04F79EFBC}") = "Json", "Json\Json.csproj", "{FA52D936-A4A9-4AD8-BDC7-6DA042075ECB}"
EndProject
Global
	GlobalSection(SolutionConfigurationPlatforms) = preSolution
		Debug|Any CPU = Debug|Any CPU
		Release|Any CPU = Release|Any CPU
	EndGlobalSection
	GlobalSection(ProjectConfigurationPlatforms) = postSolution
		{FFC4A4C6-1AA0-461D-8087-D1835555E558}.Debug|Any CPU.ActiveCfg = Debug|Any CPU
		{FFC4A4C6-1AA0-461D-8087-D1835555E558}.Debug|Any CPU.Build.0 = Debug|Any CPU
		{FFC4A4C6-1AA0-461D-8087-D1835555E558}.Release|Any CPU.ActiveCfg = Release|Any CPU
		{FFC4A4C6-1AA0-461D-8087-D1835555E558}.Release|Any CPU.Build.0 = Release|Any CPU
		{3836BAE1-4937-48B7-93EB-25D0C78896D5}.Debug|Any CPU.ActiveCfg = Debug|Any CPU
		{3836BAE1-4937-48B7-93EB-25D0C78896D5}.Debug|Any CPU.Build.0 = Debug|Any CPU
		{3836BAE1-4937-48B7-93EB-25D0C78896D5}.Release|Any CPU.ActiveCfg = Release|Any CPU
		{3836BAE1-4937-48B7-93EB-25D0C78896D5}.Release|Any CPU.Build.0 = Release|Any CPU
		{FA52D936-A4A9-4AD8-BDC7-6DA042075ECB}.Debug|Any CPU.ActiveCfg = Debug|Any CPU
		{FA52D936-A4A9-4AD8-BDC7-6DA042075ECB}.Debug|Any CPU.Build.0 = Debug|Any CPU
		{FA52D936-A4A9-4AD8-BDC7-6DA042075ECB}.Release|Any CPU.ActiveCfg = Release|Any CPU
		{FA52D936-A4A9-4AD8-BDC7-6DA042075ECB}.Release|Any CPU.Build.0 = Release|Any CPU
	EndGlobalSection
	GlobalSection(SolutionProperties) = preSolution
		HideSolutionNode = FALSE
	EndGlobalSection
EndGlobal
